
Microsoft Visual Studio Solution File, Format Version 12.00
# Visual Studio Version 17
VisualStudioVersion = 17.9.34622.214
MinimumVisualStudioVersion = 10.0.40219.1
Project("{9A19103F-16F7-4668-BE54-9A1E7A4F7556}") = "StroitelstvoRaschet.Library", "StroitelstvoRaschet.Library\StroitelstvoRaschet.Library.csproj", "{4BFB1D5A-ED87-48C2-A2DB-3EEBE5B7A3ED}"
EndProject
Project("{9A19103F-16F7-4668-BE54-9A1E7A4F7556}") = "StroitelstvoRaschet.Tests", "StroitelstvoRaschet.Tests\StroitelstvoRaschet.Tests.csproj", "{394485D4-F506-452B-90F5-C3916A444AAE}"
EndProject
Project("{9A19103F-16F7-4668-BE54-9A1E7A4F7556}") = "StroitelstvoRaschet.WpfApp", "StroitelstvoRaschet.WpfApp\StroitelstvoRaschet.WpfApp.csproj", "{7342ABA6-1130-48DB-9717-A8821440D513}"
EndProject
Global
	GlobalSection(SolutionConfigurationPlatforms) = preSolution
		Debug|Any CPU = Debug|Any CPU
		Release|Any CPU = Release|Any CPU
	EndGlobalSection
	GlobalSection(ProjectConfigurationPlatforms) = postSolution
		{4BFB1D5A-ED87-48C2-A2DB-3EEBE5B7A3ED}.Debug|Any CPU.ActiveCfg = Debug|Any CPU
		{4BFB1D5A-ED87-48C2-A2DB-3EEBE5B7A3ED}.Debug|Any CPU.Build.0 = Debug|Any CPU
		{4BFB1D5A-ED87-48C2-A2DB-3EEBE5B7A3ED}.Release|Any CPU.ActiveCfg = Release|Any CPU
		{4BFB1D5A-ED87-48C2-A2DB-3EEBE5B7A3ED}.Release|Any CPU.Build.0 = Release|Any CPU
		{394485D4-F506-452B-90F5-C3916A444AAE}.Debug|Any CPU.ActiveCfg = Debug|Any CPU
		{394485D4-F506-452B-90F5-C3916A444AAE}.Debug|Any CPU.Build.0 = Debug|Any CPU
		{394485D4-F506-452B-90F5-C3916A444AAE}.Release|Any CPU.ActiveCfg = Release|Any CPU
		{394485D4-F506-452B-90F5-C3916A444AAE}.Release|Any CPU.Build.0 = Release|Any CPU
		{7342ABA6-1130-48DB-9717-A8821440D513}.Debug|Any CPU.ActiveCfg = Debug|Any CPU
		{7342ABA6-1130-48DB-9717-A8821440D513}.Debug|Any CPU.Build.0 = Debug|Any CPU
		{7342ABA6-1130-48DB-9717-A8821440D513}.Release|Any CPU.ActiveCfg = Release|Any CPU
		{7342ABA6-1130-48DB-9717-A8821440D513}.Release|Any CPU.Build.0 = Release|Any CPU
	EndGlobalSection
	GlobalSection(SolutionProperties) = preSolution
		HideSolutionNode = FALSE
	EndGlobalSection
	GlobalSection(ExtensibilityGlobals) = postSolution
		SolutionGuid = {1A1F5F9E-C9E2-4C91-BDE2-484690F6BB35}
	EndGlobalSection
EndGlobal
